
Microsoft Visual Studio Solution File, Format Version 12.00
# Visual Studio Version 17
VisualStudioVersion = 17.13.35806.99 d17.13
MinimumVisualStudioVersion = 10.0.40219.1
Project("{FAE04EC0-301F-11D3-BF4B-00C04F79EFBC}") = "POO4", "POO4\POO4.csproj", "{81956118-5030-45F1-AC16-3910FBA6F82C}"
EndProject
Global
	GlobalSection(SolutionConfigurationPlatforms) = preSolution
		Debug|Any CPU = Debug|Any CPU
		Release|Any CPU = Release|Any CPU
	EndGlobalSection
	GlobalSection(ProjectConfigurationPlatforms) = postSolution
		{81956118-5030-45F1-AC16-3910FBA6F82C}.Debug|Any CPU.ActiveCfg = Debug|Any CPU
		{81956118-5030-45F1-AC16-3910FBA6F82C}.Debug|Any CPU.Build.0 = Debug|Any CPU
		{81956118-5030-45F1-AC16-3910FBA6F82C}.Release|Any CPU.ActiveCfg = Release|Any CPU
		{81956118-5030-45F1-AC16-3910FBA6F82C}.Release|Any CPU.Build.0 = Release|Any CPU
	EndGlobalSection
	GlobalSection(SolutionProperties) = preSolution
		HideSolutionNode = FALSE
	EndGlobalSection
	GlobalSection(ExtensibilityGlobals) = postSolution
		SolutionGuid = {D577784D-4469-4364-81BB-E100B359A5F4}
	EndGlobalSection
EndGlobal
